
Microsoft Visual Studio Solution File, Format Version 12.00
# Visual Studio Version 17
VisualStudioVersion = 17.0.31903.59
MinimumVisualStudioVersion = 10.0.40219.1
Project("{9A19103F-16F7-4668-BE54-9A1E7A4F7556}") = "roastreview.console", "roastreview.console\roastreview.console.csproj", "{E378E719-CEF3-445E-8EDD-B8E92BF3E29F}"
EndProject
Project("{9A19103F-16F7-4668-BE54-9A1E7A4F7556}") = "roastreview.data", "roastreview.data\roastreview.data.csproj", "{20A1D042-2227-41A1-8BAF-9FFD5CAA0ADA}"
EndProject
Project("{9A19103F-16F7-4668-BE54-9A1E7A4F7556}") = "roastreview.models", "roastreview.models\roastreview.models.csproj", "{EEC06A97-5559-4DB8-B5A3-A6C4CB5EEBCC}"
EndProject
Project("{9A19103F-16F7-4668-BE54-9A1E7A4F7556}") = "roastreview.tests", "roastreview.tests\roastreview.tests.csproj", "{9C05D8C6-1A87-4388-9E4C-793FC17CA910}"
EndProject
Project("{9A19103F-16F7-4668-BE54-9A1E7A4F7556}") = "roastreview.windowsui", "roastreview.windowsui\roastreview.windowsui.csproj", "{597CD242-BA75-4861-84DC-D9A0805B7C6E}"
EndProject
Project("{9A19103F-16F7-4668-BE54-9A1E7A4F7556}") = "roastreview.wwwblazor", "roastreview.wwwblazor\roastreview.wwwblazor.csproj", "{CB1784BB-F716-4548-8245-601005A847C4}"
EndProject
Global
	GlobalSection(SolutionConfigurationPlatforms) = preSolution
		Debug|Any CPU = Debug|Any CPU
		Release|Any CPU = Release|Any CPU
	EndGlobalSection
	GlobalSection(ProjectConfigurationPlatforms) = postSolution
		{E378E719-CEF3-445E-8EDD-B8E92BF3E29F}.Debug|Any CPU.ActiveCfg = Debug|Any CPU
		{E378E719-CEF3-445E-8EDD-B8E92BF3E29F}.Debug|Any CPU.Build.0 = Debug|Any CPU
		{E378E719-CEF3-445E-8EDD-B8E92BF3E29F}.Release|Any CPU.ActiveCfg = Release|Any CPU
		{E378E719-CEF3-445E-8EDD-B8E92BF3E29F}.Release|Any CPU.Build.0 = Release|Any CPU
		{20A1D042-2227-41A1-8BAF-9FFD5CAA0ADA}.Debug|Any CPU.ActiveCfg = Debug|Any CPU
		{20A1D042-2227-41A1-8BAF-9FFD5CAA0ADA}.Debug|Any CPU.Build.0 = Debug|Any CPU
		{20A1D042-2227-41A1-8BAF-9FFD5CAA0ADA}.Release|Any CPU.ActiveCfg = Release|Any CPU
		{20A1D042-2227-41A1-8BAF-9FFD5CAA0ADA}.Release|Any CPU.Build.0 = Release|Any CPU
		{EEC06A97-5559-4DB8-B5A3-A6C4CB5EEBCC}.Debug|Any CPU.ActiveCfg = Debug|Any CPU
		{EEC06A97-5559-4DB8-B5A3-A6C4CB5EEBCC}.Debug|Any CPU.Build.0 = Debug|Any CPU
		{EEC06A97-5559-4DB8-B5A3-A6C4CB5EEBCC}.Release|Any CPU.ActiveCfg = Release|Any CPU
		{EEC06A97-5559-4DB8-B5A3-A6C4CB5EEBCC}.Release|Any CPU.Build.0 = Release|Any CPU
		{9C05D8C6-1A87-4388-9E4C-793FC17CA910}.Debug|Any CPU.ActiveCfg = Debug|Any CPU
		{9C05D8C6-1A87-4388-9E4C-793FC17CA910}.Debug|Any CPU.Build.0 = Debug|Any CPU
		{9C05D8C6-1A87-4388-9E4C-793FC17CA910}.Release|Any CPU.ActiveCfg = Release|Any CPU
		{9C05D8C6-1A87-4388-9E4C-793FC17CA910}.Release|Any CPU.Build.0 = Release|Any CPU
		{597CD242-BA75-4861-84DC-D9A0805B7C6E}.Debug|Any CPU.ActiveCfg = Debug|Any CPU
		{597CD242-BA75-4861-84DC-D9A0805B7C6E}.Debug|Any CPU.Build.0 = Debug|Any CPU
		{597CD242-BA75-4861-84DC-D9A0805B7C6E}.Release|Any CPU.ActiveCfg = Release|Any CPU
		{597CD242-BA75-4861-84DC-D9A0805B7C6E}.Release|Any CPU.Build.0 = Release|Any CPU
		{CB1784BB-F716-4548-8245-601005A847C4}.Debug|Any CPU.ActiveCfg = Debug|Any CPU
		{CB1784BB-F716-4548-8245-601005A847C4}.Debug|Any CPU.Build.0 = Debug|Any CPU
		{CB1784BB-F716-4548-8245-601005A847C4}.Release|Any CPU.ActiveCfg = Release|Any CPU
		{CB1784BB-F716-4548-8245-601005A847C4}.Release|Any CPU.Build.0 = Release|Any CPU
	EndGlobalSection
	GlobalSection(SolutionProperties) = preSolution
		HideSolutionNode = FALSE
	EndGlobalSection
EndGlobal
